github.com/colin-davis/reedSolomon v0.0.0-20171106220123-4bffafb75357 h1:jtkiPsEnSrM83KDKLzquQVdEWaHZq40JTHKv40/pWFk=
github.com/colin-davis/reedSolomon v0.0.0-20171106220123-4bffafb75357/go.mod h1:TFQlymOxfJq/cfq6vqmI1RmK59GbqGgiu/b0bN2nDWA=
gocv.io/x/gocv v0.41.0 h1:KM+zRXUP28b6dHfhy+4JxDODbCNQNtLg8kio+YE7TqA=
gocv.io/x/gocv v0.41.0/go.mod h1:zYdWMj29WAEznM3Y8NsU3A0TRq/wR/cy75jeUypThqU=
